// !$*UTF8*$!
{
	archiveVersion = 1;
	classes = {
	};
	objectVersion = 46;
	objects = {

/* Begin PBXBuildFile section */
		370303191C282A990061D2DB /* ParseService.swift in Sources */ = {isa = PBXBuildFile; fileRef = 370303181C282A990061D2DB /* ParseService.swift */; settings = {ASSET_TAGS = (); }; };
		3779EBF81C3187C7003A46CB /* SearchParameters.swift in Sources */ = {isa = PBXBuildFile; fileRef = 3779EBF71C3187C7003A46CB /* SearchParameters.swift */; settings = {ASSET_TAGS = (); }; };
		378B86BF1C3298D10045DB8A /* SystemConfiguration.framework in Frameworks */ = {isa = PBXBuildFile; fileRef = 378B86BE1C3298D10045DB8A /* SystemConfiguration.framework */; };
		37A0001B1C273E1A00815FA2 /* Properties.plist in Resources */ = {isa = PBXBuildFile; fileRef = 37A0001A1C273E1A00815FA2 /* Properties.plist */; settings = {ASSET_TAGS = (); }; };
		37A1B9F11C306F1F006D55F3 /* Filters.swift in Sources */ = {isa = PBXBuildFile; fileRef = 37A1B9F01C306F1F006D55F3 /* Filters.swift */; settings = {ASSET_TAGS = (); }; };
		37BA369A1C28A17000190E5F /* CoreLocation.framework in Frameworks */ = {isa = PBXBuildFile; fileRef = 37BA36991C28A17000190E5F /* CoreLocation.framework */; };
		37BA369C1C28B00000190E5F /* MapKit.framework in Frameworks */ = {isa = PBXBuildFile; fileRef = 37BA369B1C28B00000190E5F /* MapKit.framework */; };
		37CD85FB1C28BCAB00836927 /* AroundMeDetailViewController.swift in Sources */ = {isa = PBXBuildFile; fileRef = 37CD85FA1C28BCAB00836927 /* AroundMeDetailViewController.swift */; settings = {ASSET_TAGS = (); }; };
		37CD85FD1C2947E500836927 /* AroundMeMapViewController.swift in Sources */ = {isa = PBXBuildFile; fileRef = 37CD85FC1C2947E500836927 /* AroundMeMapViewController.swift */; settings = {ASSET_TAGS = (); }; };
		37CD85FF1C294D6E00836927 /* AroundMeSearchController.swift in Sources */ = {isa = PBXBuildFile; fileRef = 37CD85FE1C294D6E00836927 /* AroundMeSearchController.swift */; settings = {ASSET_TAGS = (); }; };
		37E0D7381C31CE3300010795 /* EmptySearchResultController.swift in Sources */ = {isa = PBXBuildFile; fileRef = 37E0D7371C31CE3300010795 /* EmptySearchResultController.swift */; settings = {ASSET_TAGS = (); }; };
		37E0D73A1C31DCF600010795 /* Region.swift in Sources */ = {isa = PBXBuildFile; fileRef = 37E0D7391C31DCF600010795 /* Region.swift */; settings = {ASSET_TAGS = (); }; };
		37F26B3E1C26DBE000E3093F /* AroundMeTableViewController.swift in Sources */ = {isa = PBXBuildFile; fileRef = 37F26B3D1C26DBE000E3093F /* AroundMeTableViewController.swift */; settings = {ASSET_TAGS = (); }; };
		37F26B411C26DF0600E3093F /* AroundMeTableViewCell.swift in Sources */ = {isa = PBXBuildFile; fileRef = 37F26B401C26DF0600E3093F /* AroundMeTableViewCell.swift */; settings = {ASSET_TAGS = (); }; };
		37F26B461C26E6B000E3093F /* Location.swift in Sources */ = {isa = PBXBuildFile; fileRef = 37F26B451C26E6B000E3093F /* Location.swift */; settings = {ASSET_TAGS = (); }; };
		37F26B481C26E6B900E3093F /* Business.swift in Sources */ = {isa = PBXBuildFile; fileRef = 37F26B471C26E6B900E3093F /* Business.swift */; settings = {ASSET_TAGS = (); }; };
		37F26B4A1C272E6200E3093F /* OAuthService.swift in Sources */ = {isa = PBXBuildFile; fileRef = 37F26B491C272E6200E3093F /* OAuthService.swift */; settings = {ASSET_TAGS = (); }; };
		37F3A3B61C25589300E03C36 /* AppDelegate.swift in Sources */ = {isa = PBXBuildFile; fileRef = 37F3A3B51C25589300E03C36 /* AppDelegate.swift */; };
		37F3A3BB1C25589300E03C36 /* Main.storyboard in Resources */ = {isa = PBXBuildFile; fileRef = 37F3A3B91C25589300E03C36 /* Main.storyboard */; };
		37F3A3BD1C25589300E03C36 /* Assets.xcassets in Resources */ = {isa = PBXBuildFile; fileRef = 37F3A3BC1C25589300E03C36 /* Assets.xcassets */; };
		37F3A3C01C25589300E03C36 /* LaunchScreen.storyboard in Resources */ = {isa = PBXBuildFile; fileRef = 37F3A3BE1C25589300E03C36 /* LaunchScreen.storyboard */; };
		37F3A3CB1C25589300E03C36 /* AroundMeTests.swift in Sources */ = {isa = PBXBuildFile; fileRef = 37F3A3CA1C25589300E03C36 /* AroundMeTests.swift */; };
		37F3A3D61C25589300E03C36 /* AroundMeUITests.swift in Sources */ = {isa = PBXBuildFile; fileRef = 37F3A3D51C25589300E03C36 /* AroundMeUITests.swift */; };
		C4A8B65A1D5652EB886718B7 /* Pods_AroundMe.framework in Frameworks */ = {isa = PBXBuildFile; fileRef = 22F1D0E2A52062FB5A269763 /* Pods_AroundMe.framework */; };
/* End PBXBuildFile section */

/* Begin PBXContainerItemProxy section */
		37F3A3C71C25589300E03C36 /* PBXContainerItemProxy */ = {
			isa = PBXContainerItemProxy;
			containerPortal = 37F3A3AA1C25589300E03C36 /* Project object */;
			proxyType = 1;
			remoteGlobalIDString = 37F3A3B11C25589300E03C36;
			remoteInfo = AroundMe;
		};
		37F3A3D21C25589300E03C36 /* PBXContainerItemProxy */ = {
			isa = PBXContainerItemProxy;
			containerPortal = 37F3A3AA1C25589300E03C36 /* Project object */;
			proxyType = 1;
			remoteGlobalIDString = 37F3A3B11C25589300E03C36;
			remoteInfo = AroundMe;
		};
/* End PBXContainerItemProxy section */

/* Begin PBXFileReference section */
		22F1D0E2A52062FB5A269763 /* Pods_AroundMe.framework */ = {isa = PBXFileReference; explicitFileType = wrapper.framework; includeInIndex = 0; path = Pods_AroundMe.framework; sourceTree = BUILT_PRODUCTS_DIR; };
		370303181C282A990061D2DB /* ParseService.swift */ = {isa = PBXFileReference; fileEncoding = 4; lastKnownFileType = sourcecode.swift; path = ParseService.swift; sourceTree = "<group>"; };
		3779EBF71C3187C7003A46CB /* SearchParameters.swift */ = {isa = PBXFileReference; fileEncoding = 4; lastKnownFileType = sourcecode.swift; path = SearchParameters.swift; sourceTree = "<group>"; };
		378B86BE1C3298D10045DB8A /* SystemConfiguration.framework */ = {isa = PBXFileReference; lastKnownFileType = wrapper.framework; name = SystemConfiguration.framework; path = System/Library/Frameworks/SystemConfiguration.framework; sourceTree = SDKROOT; };
		37A0001A1C273E1A00815FA2 /* Properties.plist */ = {isa = PBXFileReference; fileEncoding = 4; lastKnownFileType = text.plist.xml; path = Properties.plist; sourceTree = "<group>"; };
		37A1B9F01C306F1F006D55F3 /* Filters.swift */ = {isa = PBXFileReference; fileEncoding = 4; lastKnownFileType = sourcecode.swift; path = Filters.swift; sourceTree = "<group>"; };
		37BA36991C28A17000190E5F /* CoreLocation.framework */ = {isa = PBXFileReference; lastKnownFileType = wrapper.framework; name = CoreLocation.framework; path = System/Library/Frameworks/CoreLocation.framework; sourceTree = SDKROOT; };
		37BA369B1C28B00000190E5F /* MapKit.framework */ = {isa = PBXFileReference; lastKnownFileType = wrapper.framework; name = MapKit.framework; path = System/Library/Frameworks/MapKit.framework; sourceTree = SDKROOT; };
		37CD85FA1C28BCAB00836927 /* AroundMeDetailViewController.swift */ = {isa = PBXFileReference; fileEncoding = 4; lastKnownFileType = sourcecode.swift; path = AroundMeDetailViewController.swift; sourceTree = "<group>"; };
		37CD85FC1C2947E500836927 /* AroundMeMapViewController.swift */ = {isa = PBXFileReference; fileEncoding = 4; lastKnownFileType = sourcecode.swift; path = AroundMeMapViewController.swift; sourceTree = "<group>"; };
		37CD85FE1C294D6E00836927 /* AroundMeSearchController.swift */ = {isa = PBXFileReference; fileEncoding = 4; lastKnownFileType = sourcecode.swift; path = AroundMeSearchController.swift; sourceTree = "<group>"; };
		37E0D7371C31CE3300010795 /* EmptySearchResultController.swift */ = {isa = PBXFileReference; fileEncoding = 4; lastKnownFileType = sourcecode.swift; path = EmptySearchResultController.swift; sourceTree = "<group>"; };
		37E0D7391C31DCF600010795 /* Region.swift */ = {isa = PBXFileReference; fileEncoding = 4; lastKnownFileType = sourcecode.swift; path = Region.swift; sourceTree = "<group>"; };
		37F26B3D1C26DBE000E3093F /* AroundMeTableViewController.swift */ = {isa = PBXFileReference; fileEncoding = 4; lastKnownFileType = sourcecode.swift; path = AroundMeTableViewController.swift; sourceTree = "<group>"; };
		37F26B401C26DF0600E3093F /* AroundMeTableViewCell.swift */ = {isa = PBXFileReference; fileEncoding = 4; lastKnownFileType = sourcecode.swift; path = AroundMeTableViewCell.swift; sourceTree = "<group>"; };
		37F26B451C26E6B000E3093F /* Location.swift */ = {isa = PBXFileReference; fileEncoding = 4; lastKnownFileType = sourcecode.swift; path = Location.swift; sourceTree = "<group>"; };
		37F26B471C26E6B900E3093F /* Business.swift */ = {isa = PBXFileReference; fileEncoding = 4; lastKnownFileType = sourcecode.swift; path = Business.swift; sourceTree = "<group>"; };
		37F26B491C272E6200E3093F /* OAuthService.swift */ = {isa = PBXFileReference; fileEncoding = 4; lastKnownFileType = sourcecode.swift; path = OAuthService.swift; sourceTree = "<group>"; };
		37F3A3B21C25589300E03C36 /* AroundMe.app */ = {isa = PBXFileReference; explicitFileType = wrapper.application; includeInIndex = 0; path = AroundMe.app; sourceTree = BUILT_PRODUCTS_DIR; };
		37F3A3B51C25589300E03C36 /* AppDelegate.swift */ = {isa = PBXFileReference; lastKnownFileType = sourcecode.swift; path = AppDelegate.swift; sourceTree = "<group>"; };
		37F3A3BA1C25589300E03C36 /* Base */ = {isa = PBXFileReference; lastKnownFileType = file.storyboard; name = Base; path = Base.lproj/Main.storyboard; sourceTree = "<group>"; };
		37F3A3BC1C25589300E03C36 /* Assets.xcassets */ = {isa = PBXFileReference; lastKnownFileType = folder.assetcatalog; path = Assets.xcassets; sourceTree = "<group>"; };
		37F3A3BF1C25589300E03C36 /* Base */ = {isa = PBXFileReference; lastKnownFileType = file.storyboard; name = Base; path = Base.lproj/LaunchScreen.storyboard; sourceTree = "<group>"; };
		37F3A3C11C25589300E03C36 /* Info.plist */ = {isa = PBXFileReference; lastKnownFileType = text.plist.xml; path = Info.plist; sourceTree = "<group>"; };
		37F3A3C61C25589300E03C36 /* AroundMeTests.xctest */ = {isa = PBXFileReference; explicitFileType = wrapper.cfbundle; includeInIndex = 0; path = AroundMeTests.xctest; sourceTree = BUILT_PRODUCTS_DIR; };
		37F3A3CA1C25589300E03C36 /* AroundMeTests.swift */ = {isa = PBXFileReference; lastKnownFileType = sourcecode.swift; path = AroundMeTests.swift; sourceTree = "<group>"; };
		37F3A3CC1C25589300E03C36 /* Info.plist */ = {isa = PBXFileReference; lastKnownFileType = text.plist.xml; path = Info.plist; sourceTree = "<group>"; };
		37F3A3D11C25589300E03C36 /* AroundMeUITests.xctest */ = {isa = PBXFileReference; explicitFileType = wrapper.cfbundle; includeInIndex = 0; path = AroundMeUITests.xctest; sourceTree = BUILT_PRODUCTS_DIR; };
		37F3A3D51C25589300E03C36 /* AroundMeUITests.swift */ = {isa = PBXFileReference; lastKnownFileType = sourcecode.swift; path = AroundMeUITests.swift; sourceTree = "<group>"; };
		37F3A3D71C25589300E03C36 /* Info.plist */ = {isa = PBXFileReference; lastKnownFileType = text.plist.xml; path = Info.plist; sourceTree = "<group>"; };
		7FF96ACD638A64664653B0C3 /* Pods-AroundMe.release.xcconfig */ = {isa = PBXFileReference; includeInIndex = 1; lastKnownFileType = text.xcconfig; name = "Pods-AroundMe.release.xcconfig"; path = "Pods/Target Support Files/Pods-AroundMe/Pods-AroundMe.release.xcconfig"; sourceTree = "<group>"; };
		EBD01CB28693DA2A539A3A26 /* Pods-AroundMe.debug.xcconfig */ = {isa = PBXFileReference; includeInIndex = 1; lastKnownFileType = text.xcconfig; name = "Pods-AroundMe.debug.xcconfig"; path = "Pods/Target Support Files/Pods-AroundMe/Pods-AroundMe.debug.xcconfig"; sourceTree = "<group>"; };
/* End PBXFileReference section */

/* Begin PBXFrameworksBuildPhase section */
		37F3A3AF1C25589300E03C36 /* Frameworks */ = {
			isa = PBXFrameworksBuildPhase;
			buildActionMask = 2147483647;
			files = (
				378B86BF1C3298D10045DB8A /* SystemConfiguration.framework in Frameworks */,
				37BA369C1C28B00000190E5F /* MapKit.framework in Frameworks */,
				37BA369A1C28A17000190E5F /* CoreLocation.framework in Frameworks */,
				C4A8B65A1D5652EB886718B7 /* Pods_AroundMe.framework in Frameworks */,
			);
			runOnlyForDeploymentPostprocessing = 0;
		};
		37F3A3C31C25589300E03C36 /* Frameworks */ = {
			isa = PBXFrameworksBuildPhase;
			buildActionMask = 2147483647;
			files = (
			);
			runOnlyForDeploymentPostprocessing = 0;
		};
		37F3A3CE1C25589300E03C36 /* Frameworks */ = {
			isa = PBXFrameworksBuildPhase;
			buildActionMask = 2147483647;
			files = (
			);
			runOnlyForDeploymentPostprocessing = 0;
		};
/* End PBXFrameworksBuildPhase section */

/* Begin PBXGroup section */
		1B5329CCAC2B65778E6E0A04 /* Pods */ = {
			isa = PBXGroup;
			children = (
				EBD01CB28693DA2A539A3A26 /* Pods-AroundMe.debug.xcconfig */,
				7FF96ACD638A64664653B0C3 /* Pods-AroundMe.release.xcconfig */,
			);
			name = Pods;
			sourceTree = "<group>";
		};
		37F26B3F1C26DC0700E3093F /* Controllers */ = {
			isa = PBXGroup;
			children = (
				37F26B3D1C26DBE000E3093F /* AroundMeTableViewController.swift */,
				37CD85FA1C28BCAB00836927 /* AroundMeDetailViewController.swift */,
				37CD85FC1C2947E500836927 /* AroundMeMapViewController.swift */,
				37CD85FE1C294D6E00836927 /* AroundMeSearchController.swift */,
				37E0D7371C31CE3300010795 /* EmptySearchResultController.swift */,
			);
			name = Controllers;
			sourceTree = "<group>";
		};
		37F26B421C26E59400E3093F /* Models */ = {
			isa = PBXGroup;
			children = (
				37F26B451C26E6B000E3093F /* Location.swift */,
				37F26B471C26E6B900E3093F /* Business.swift */,
				37A1B9F01C306F1F006D55F3 /* Filters.swift */,
				3779EBF71C3187C7003A46CB /* SearchParameters.swift */,
				37E0D7391C31DCF600010795 /* Region.swift */,
			);
			name = Models;
			sourceTree = "<group>";
		};
		37F26B431C26E59B00E3093F /* Views */ = {
			isa = PBXGroup;
			children = (
				37F26B401C26DF0600E3093F /* AroundMeTableViewCell.swift */,
			);
			name = Views;
			sourceTree = "<group>";
		};
		37F26B441C26E61D00E3093F /* Services */ = {
			isa = PBXGroup;
			children = (
				37F26B491C272E6200E3093F /* OAuthService.swift */,
				370303181C282A990061D2DB /* ParseService.swift */,
			);
			name = Services;
			sourceTree = "<group>";
		};
		37F3A3A91C25589300E03C36 = {
			isa = PBXGroup;
			children = (
				37F3A3B41C25589300E03C36 /* AroundMe */,
				37F3A3C91C25589300E03C36 /* AroundMeTests */,
				37F3A3D41C25589300E03C36 /* AroundMeUITests */,
				37F3A3B31C25589300E03C36 /* Products */,
				1B5329CCAC2B65778E6E0A04 /* Pods */,
				C09050BC0831F8CF950AC6B7 /* Frameworks */,
			);
			sourceTree = "<group>";
		};
		37F3A3B31C25589300E03C36 /* Products */ = {
			isa = PBXGroup;
			children = (
				37F3A3B21C25589300E03C36 /* AroundMe.app */,
				37F3A3C61C25589300E03C36 /* AroundMeTests.xctest */,
				37F3A3D11C25589300E03C36 /* AroundMeUITests.xctest */,
			);
			name = Products;
			sourceTree = "<group>";
		};
		37F3A3B41C25589300E03C36 /* AroundMe */ = {
			isa = PBXGroup;
			children = (
				37F26B441C26E61D00E3093F /* Services */,
				37F26B431C26E59B00E3093F /* Views */,
				37F26B421C26E59400E3093F /* Models */,
				37F26B3F1C26DC0700E3093F /* Controllers */,
				37F3A3B91C25589300E03C36 /* Main.storyboard */,
				37F3A3BC1C25589300E03C36 /* Assets.xcassets */,
				37F3A3B51C25589300E03C36 /* AppDelegate.swift */,
				37F3A3BE1C25589300E03C36 /* LaunchScreen.storyboard */,
				37F3A3C11C25589300E03C36 /* Info.plist */,
				37A0001A1C273E1A00815FA2 /* Properties.plist */,
			);
			path = AroundMe;
			sourceTree = "<group>";
		};
		37F3A3C91C25589300E03C36 /* AroundMeTests */ = {
			isa = PBXGroup;
			children = (
				37F3A3CA1C25589300E03C36 /* AroundMeTests.swift */,
				37F3A3CC1C25589300E03C36 /* Info.plist */,
			);
			path = AroundMeTests;
			sourceTree = "<group>";
		};
		37F3A3D41C25589300E03C36 /* AroundMeUITests */ = {
			isa = PBXGroup;
			children = (
				37F3A3D51C25589300E03C36 /* AroundMeUITests.swift */,
				37F3A3D71C25589300E03C36 /* Info.plist */,
			);
			path = AroundMeUITests;
			sourceTree = "<group>";
		};
		C09050BC0831F8CF950AC6B7 /* Frameworks */ = {
			isa = PBXGroup;
			children = (
				378B86BE1C3298D10045DB8A /* SystemConfiguration.framework */,
				37BA369B1C28B00000190E5F /* MapKit.framework */,
				37BA36991C28A17000190E5F /* CoreLocation.framework */,
				22F1D0E2A52062FB5A269763 /* Pods_AroundMe.framework */,
			);
			name = Frameworks;
			sourceTree = "<group>";
		};
/* End PBXGroup section */

/* Begin PBXNativeTarget section */
		37F3A3B11C25589300E03C36 /* AroundMe */ = {
			isa = PBXNativeTarget;
			buildConfigurationList = 37F3A3DA1C25589300E03C36 /* Build configuration list for PBXNativeTarget "AroundMe" */;
			buildPhases = (
				9D8CA2E27B5FF1DF80615960 /* Check Pods Manifest.lock */,
				37F3A3AE1C25589300E03C36 /* Sources */,
				37F3A3AF1C25589300E03C36 /* Frameworks */,
				37F3A3B01C25589300E03C36 /* Resources */,
				72D6249890DDCA9C38B882C1 /* Embed Pods Frameworks */,
				892AD70C044F27FB7AB7A45A /* Copy Pods Resources */,
			);
			buildRules = (
			);
			dependencies = (
			);
			name = AroundMe;
			productName = AroundMe;
			productReference = 37F3A3B21C25589300E03C36 /* AroundMe.app */;
			productType = "com.apple.product-type.application";
		};
		37F3A3C51C25589300E03C36 /* AroundMeTests */ = {
			isa = PBXNativeTarget;
			buildConfigurationList = 37F3A3DD1C25589300E03C36 /* Build configuration list for PBXNativeTarget "AroundMeTests" */;
			buildPhases = (
				37F3A3C21C25589300E03C36 /* Sources */,
				37F3A3C31C25589300E03C36 /* Frameworks */,
				37F3A3C41C25589300E03C36 /* Resources */,
			);
			buildRules = (
			);
			dependencies = (
				37F3A3C81C25589300E03C36 /* PBXTargetDependency */,
			);
			name = AroundMeTests;
			productName = AroundMeTests;
			productReference = 37F3A3C61C25589300E03C36 /* AroundMeTests.xctest */;
			productType = "com.apple.product-type.bundle.unit-test";
		};
		37F3A3D01C25589300E03C36 /* AroundMeUITests */ = {
			isa = PBXNativeTarget;
			buildConfigurationList = 37F3A3E01C25589300E03C36 /* Build configuration list for PBXNativeTarget "AroundMeUITests" */;
			buildPhases = (
				37F3A3CD1C25589300E03C36 /* Sources */,
				37F3A3CE1C25589300E03C36 /* Frameworks */,
				37F3A3CF1C25589300E03C36 /* Resources */,
			);
			buildRules = (
			);
			dependencies = (
				37F3A3D31C25589300E03C36 /* PBXTargetDependency */,
			);
			name = AroundMeUITests;
			productName = AroundMeUITests;
			productReference = 37F3A3D11C25589300E03C36 /* AroundMeUITests.xctest */;
			productType = "com.apple.product-type.bundle.ui-testing";
		};
/* End PBXNativeTarget section */

/* Begin PBXProject section */
		37F3A3AA1C25589300E03C36 /* Project object */ = {
			isa = PBXProject;
			attributes = {
				LastSwiftUpdateCheck = 0700;
				LastUpgradeCheck = 0700;
				ORGANIZATIONNAME = "Nicolas Schelkens";
				TargetAttributes = {
					37F3A3B11C25589300E03C36 = {
						CreatedOnToolsVersion = 7.0.1;
					};
					37F3A3C51C25589300E03C36 = {
						CreatedOnToolsVersion = 7.0.1;
						TestTargetID = 37F3A3B11C25589300E03C36;
					};
					37F3A3D01C25589300E03C36 = {
						CreatedOnToolsVersion = 7.0.1;
						TestTargetID = 37F3A3B11C25589300E03C36;
					};
				};
			};
			buildConfigurationList = 37F3A3AD1C25589300E03C36 /* Build configuration list for PBXProject "AroundMe" */;
			compatibilityVersion = "Xcode 3.2";
			developmentRegion = English;
			hasScannedForEncodings = 0;
			knownRegions = (
				en,
				Base,
			);
			mainGroup = 37F3A3A91C25589300E03C36;
			productRefGroup = 37F3A3B31C25589300E03C36 /* Products */;
			projectDirPath = "";
			projectRoot = "";
			targets = (
				37F3A3B11C25589300E03C36 /* AroundMe */,
				37F3A3C51C25589300E03C36 /* AroundMeTests */,
				37F3A3D01C25589300E03C36 /* AroundMeUITests */,
			);
		};
/* End PBXProject section */

/* Begin PBXResourcesBuildPhase section */
		37F3A3B01C25589300E03C36 /* Resources */ = {
			isa = PBXResourcesBuildPhase;
			buildActionMask = 2147483647;
			files = (
				37F3A3C01C25589300E03C36 /* LaunchScreen.storyboard in Resources */,
				37F3A3BD1C25589300E03C36 /* Assets.xcassets in Resources */,
				37F3A3BB1C25589300E03C36 /* Main.storyboard in Resources */,
				37A0001B1C273E1A00815FA2 /* Properties.plist in Resources */,
			);
			runOnlyForDeploymentPostprocessing = 0;
		};
		37F3A3C41C25589300E03C36 /* Resources */ = {
			isa = PBXResourcesBuildPhase;
			buildActionMask = 2147483647;
			files = (
			);
			runOnlyForDeploymentPostprocessing = 0;
		};
		37F3A3CF1C25589300E03C36 /* Resources */ = {
			isa = PBXResourcesBuildPhase;
			buildActionMask = 2147483647;
			files = (
			);
			runOnlyForDeploymentPostprocessing = 0;
		};
/* End PBXResourcesBuildPhase section */

/* Begin PBXShellScriptBuildPhase section */
		72D6249890DDCA9C38B882C1 /* Embed Pods Frameworks */ = {
			isa = PBXShellScriptBuildPhase;
			buildActionMask = 2147483647;
			files = (
			);
			inputPaths = (
			);
			name = "Embed Pods Frameworks";
			outputPaths = (
			);
			runOnlyForDeploymentPostprocessing = 0;
			shellPath = /bin/sh;
			shellScript = "\"${SRCROOT}/Pods/Target Support Files/Pods-AroundMe/Pods-AroundMe-frameworks.sh\"\n";
			showEnvVarsInLog = 0;
		};
		892AD70C044F27FB7AB7A45A /* Copy Pods Resources */ = {
			isa = PBXShellScriptBuildPhase;
			buildActionMask = 2147483647;
			files = (
			);
			inputPaths = (
			);
			name = "Copy Pods Resources";
			outputPaths = (
			);
			runOnlyForDeploymentPostprocessing = 0;
			shellPath = /bin/sh;
			shellScript = "\"${SRCROOT}/Pods/Target Support Files/Pods-AroundMe/Pods-AroundMe-resources.sh\"\n";
			showEnvVarsInLog = 0;
		};
		9D8CA2E27B5FF1DF80615960 /* Check Pods Manifest.lock */ = {
			isa = PBXShellScriptBuildPhase;
			buildActionMask = 2147483647;
			files = (
			);
			inputPaths = (
			);
			name = "Check Pods Manifest.lock";
			outputPaths = (
			);
			runOnlyForDeploymentPostprocessing = 0;
			shellPath = /bin/sh;
			shellScript = "diff \"${PODS_ROOT}/../Podfile.lock\" \"${PODS_ROOT}/Manifest.lock\" > /dev/null\nif [[ $? != 0 ]] ; then\n    cat << EOM\nerror: The sandbox is not in sync with the Podfile.lock. Run 'pod install' or update your CocoaPods installation.\nEOM\n    exit 1\nfi\n";
			showEnvVarsInLog = 0;
		};
/* End PBXShellScriptBuildPhase section */

/* Begin PBXSourcesBuildPhase section */
		37F3A3AE1C25589300E03C36 /* Sources */ = {
			isa = PBXSourcesBuildPhase;
			buildActionMask = 2147483647;
			files = (
				37F26B3E1C26DBE000E3093F /* AroundMeTableViewController.swift in Sources */,
				37F3A3B61C25589300E03C36 /* AppDelegate.swift in Sources */,
				37CD85FB1C28BCAB00836927 /* AroundMeDetailViewController.swift in Sources */,
				3779EBF81C3187C7003A46CB /* SearchParameters.swift in Sources */,
				37F26B461C26E6B000E3093F /* Location.swift in Sources */,
				37A1B9F11C306F1F006D55F3 /* Filters.swift in Sources */,
				37E0D7381C31CE3300010795 /* EmptySearchResultController.swift in Sources */,
				37F26B4A1C272E6200E3093F /* OAuthService.swift in Sources */,
				37F26B481C26E6B900E3093F /* Business.swift in Sources */,
				37CD85FF1C294D6E00836927 /* AroundMeSearchController.swift in Sources */,
				37F26B411C26DF0600E3093F /* AroundMeTableViewCell.swift in Sources */,
				37E0D73A1C31DCF600010795 /* Region.swift in Sources */,
				370303191C282A990061D2DB /* ParseService.swift in Sources */,
				37CD85FD1C2947E500836927 /* AroundMeMapViewController.swift in Sources */,
			);
			runOnlyForDeploymentPostprocessing = 0;
		};
		37F3A3C21C25589300E03C36 /* Sources */ = {
			isa = PBXSourcesBuildPhase;
			buildActionMask = 2147483647;
			files = (
				37F3A3CB1C25589300E03C36 /* AroundMeTests.swift in Sources */,
			);
			runOnlyForDeploymentPostprocessing = 0;
		};
		37F3A3CD1C25589300E03C36 /* Sources */ = {
			isa = PBXSourcesBuildPhase;
			buildActionMask = 2147483647;
			files = (
				37F3A3D61C25589300E03C36 /* AroundMeUITests.swift in Sources */,
			);
			runOnlyForDeploymentPostprocessing = 0;
		};
/* End PBXSourcesBuildPhase section */

/* Begin PBXTargetDependency section */
		37F3A3C81C25589300E03C36 /* PBXTargetDependency */ = {
			isa = PBXTargetDependency;
			target = 37F3A3B11C25589300E03C36 /* AroundMe */;
			targetProxy = 37F3A3C71C25589300E03C36 /* PBXContainerItemProxy */;
		};
		37F3A3D31C25589300E03C36 /* PBXTargetDependency */ = {
			isa = PBXTargetDependency;
			target = 37F3A3B11C25589300E03C36 /* AroundMe */;
			targetProxy = 37F3A3D21C25589300E03C36 /* PBXContainerItemProxy */;
		};
/* End PBXTargetDependency section */

/* Begin PBXVariantGroup section */
		37F3A3B91C25589300E03C36 /* Main.storyboard */ = {
			isa = PBXVariantGroup;
			children = (
				37F3A3BA1C25589300E03C36 /* Base */,
			);
			name = Main.storyboard;
			sourceTree = "<group>";
		};
		37F3A3BE1C25589300E03C36 /* LaunchScreen.storyboard */ = {
			isa = PBXVariantGroup;
			children = (
				37F3A3BF1C25589300E03C36 /* Base */,
			);
			name = LaunchScreen.storyboard;
			sourceTree = "<group>";
		};
/* End PBXVariantGroup section */

/* Begin XCBuildConfiguration section */
		37F3A3D81C25589300E03C36 /* Debug */ = {
			isa = XCBuildConfiguration;
			buildSettings = {
				ALWAYS_SEARCH_USER_PATHS = NO;
				CLANG_CXX_LANGUAGE_STANDARD = "gnu++0x";
				CLANG_CXX_LIBRARY = "libc++";
				CLANG_ENABLE_MODULES = YES;
				CLANG_ENABLE_OBJC_ARC = YES;
				CLANG_WARN_BOOL_CONVERSION = YES;
				CLANG_WARN_CONSTANT_CONVERSION = YES;
				CLANG_WARN_DIRECT_OBJC_ISA_USAGE = YES_ERROR;
				CLANG_WARN_EMPTY_BODY = YES;
				CLANG_WARN_ENUM_CONVERSION = YES;
				CLANG_WARN_INT_CONVERSION = YES;
				CLANG_WARN_OBJC_ROOT_CLASS = YES_ERROR;
				CLANG_WARN_UNREACHABLE_CODE = YES;
				CLANG_WARN__DUPLICATE_METHOD_MATCH = YES;
				"CODE_SIGN_IDENTITY[sdk=iphoneos*]" = "iPhone Developer";
				COPY_PHASE_STRIP = NO;
				DEBUG_INFORMATION_FORMAT = dwarf;
				ENABLE_STRICT_OBJC_MSGSEND = YES;
				ENABLE_TESTABILITY = YES;
				GCC_C_LANGUAGE_STANDARD = gnu99;
				GCC_DYNAMIC_NO_PIC = NO;
				GCC_NO_COMMON_BLOCKS = YES;
				GCC_OPTIMIZATION_LEVEL = 0;
				GCC_PREPROCESSOR_DEFINITIONS = (
					"DEBUG=1",
					"$(inherited)",
				);
				GCC_WARN_64_TO_32_BIT_CONVERSION = YES;
				GCC_WARN_ABOUT_RETURN_TYPE = YES_ERROR;
				GCC_WARN_UNDECLARED_SELECTOR = YES;
				GCC_WARN_UNINITIALIZED_AUTOS = YES_AGGRESSIVE;
				GCC_WARN_UNUSED_FUNCTION = YES;
				GCC_WARN_UNUSED_VARIABLE = YES;
				IPHONEOS_DEPLOYMENT_TARGET = 9.0;
				MTL_ENABLE_DEBUG_INFO = YES;
				ONLY_ACTIVE_ARCH = YES;
				SDKROOT = iphoneos;
				SWIFT_OPTIMIZATION_LEVEL = "-Onone";
				TARGETED_DEVICE_FAMILY = "1,2";
			};
			name = Debug;
		};
		37F3A3D91C25589300E03C36 /* Release */ = {
			isa = XCBuildConfiguration;
			buildSettings = {
				ALWAYS_SEARCH_USER_PATHS = NO;
				CLANG_CXX_LANGUAGE_STANDARD = "gnu++0x";
				CLANG_CXX_LIBRARY = "libc++";
				CLANG_ENABLE_MODULES = YES;
				CLANG_ENABLE_OBJC_ARC = YES;
				CLANG_WARN_BOOL_CONVERSION = YES;
				CLANG_WARN_CONSTANT_CONVERSION = YES;
				CLANG_WARN_DIRECT_OBJC_ISA_USAGE = YES_ERROR;
				CLANG_WARN_EMPTY_BODY = YES;
				CLANG_WARN_ENUM_CONVERSION = YES;
				CLANG_WARN_INT_CONVERSION = YES;
				CLANG_WARN_OBJC_ROOT_CLASS = YES_ERROR;
				CLANG_WARN_UNREACHABLE_CODE = YES;
				CLANG_WARN__DUPLICATE_METHOD_MATCH = YES;
				"CODE_SIGN_IDENTITY[sdk=iphoneos*]" = "iPhone Developer";
				COPY_PHASE_STRIP = NO;
				DEBUG_INFORMATION_FORMAT = "dwarf-with-dsym";
				ENABLE_NS_ASSERTIONS = NO;
				ENABLE_STRICT_OBJC_MSGSEND = YES;
				GCC_C_LANGUAGE_STANDARD = gnu99;
				GCC_NO_COMMON_BLOCKS = YES;
				GCC_WARN_64_TO_32_BIT_CONVERSION = YES;
				GCC_WARN_ABOUT_RETURN_TYPE = YES_ERROR;
				GCC_WARN_UNDECLARED_SELECTOR = YES;
				GCC_WARN_UNINITIALIZED_AUTOS = YES_AGGRESSIVE;
				GCC_WARN_UNUSED_FUNCTION = YES;
				GCC_WARN_UNUSED_VARIABLE = YES;
				IPHONEOS_DEPLOYMENT_TARGET = 9.0;
				MTL_ENABLE_DEBUG_INFO = NO;
				SDKROOT = iphoneos;
				TARGETED_DEVICE_FAMILY = "1,2";
				VALIDATE_PRODUCT = YES;
			};
			name = Release;
		};
		37F3A3DB1C25589300E03C36 /* Debug */ = {
			isa = XCBuildConfiguration;
			baseConfigurationReference = EBD01CB28693DA2A539A3A26 /* Pods-AroundMe.debug.xcconfig */;
			buildSettings = {
				ASSETCATALOG_COMPILER_APPICON_NAME = AppIcon;
				CLANG_ENABLE_MODULES = YES;
				INFOPLIST_FILE = AroundMe/Info.plist;
				IPHONEOS_DEPLOYMENT_TARGET = 9.0;
				LD_RUNPATH_SEARCH_PATHS = "$(inherited) @executable_path/Frameworks";
				PRODUCT_BUNDLE_IDENTIFIER = student.hogent.318937ns.AroundMe;
				PRODUCT_NAME = "$(TARGET_NAME)";
				SWIFT_OPTIMIZATION_LEVEL = "-Onone";
			};
			name = Debug;
		};
		37F3A3DC1C25589300E03C36 /* Release */ = {
			isa = XCBuildConfiguration;
			baseConfigurationReference = 7FF96ACD638A64664653B0C3 /* Pods-AroundMe.release.xcconfig */;
			buildSettings = {
				ASSETCATALOG_COMPILER_APPICON_NAME = AppIcon;
				CLANG_ENABLE_MODULES = YES;
				INFOPLIST_FILE = AroundMe/Info.plist;
				IPHONEOS_DEPLOYMENT_TARGET = 9.0;
				LD_RUNPATH_SEARCH_PATHS = "$(inherited) @executable_path/Frameworks";
				PRODUCT_BUNDLE_IDENTIFIER = student.hogent.318937ns.AroundMe;
				PRODUCT_NAME = "$(TARGET_NAME)";
			};
			name = Release;
		};
		37F3A3DE1C25589300E03C36 /* Debug */ = {
			isa = XCBuildConfiguration;
			buildSettings = {
				BUNDLE_LOADER = "$(TEST_HOST)";
				INFOPLIST_FILE = AroundMeTests/Info.plist;
				LD_RUNPATH_SEARCH_PATHS = "$(inherited) @executable_path/Frameworks @loader_path/Frameworks";
				PRODUCT_BUNDLE_IDENTIFIER = student.hogent.318937ns.AroundMeTests;
				PRODUCT_NAME = "$(TARGET_NAME)";
				TEST_HOST = "$(BUILT_PRODUCTS_DIR)/AroundMe.app/AroundMe";
			};
			name = Debug;
		};
		37F3A3DF1C25589300E03C36 /* Release */ = {
			isa = XCBuildConfiguration;
			buildSettings = {
				BUNDLE_LOADER = "$(TEST_HOST)";
				INFOPLIST_FILE = AroundMeTests/Info.plist;
				LD_RUNPATH_SEARCH_PATHS = "$(inherited) @executable_path/Frameworks @loader_path/Frameworks";
				PRODUCT_BUNDLE_IDENTIFIER = student.hogent.318937ns.AroundMeTests;
				PRODUCT_NAME = "$(TARGET_NAME)";
				TEST_HOST = "$(BUILT_PRODUCTS_DIR)/AroundMe.app/AroundMe";
			};
			name = Release;
		};
		37F3A3E11C25589300E03C36 /* Debug */ = {
			isa = XCBuildConfiguration;
			buildSettings = {
				INFOPLIST_FILE = AroundMeUITests/Info.plist;
				LD_RUNPATH_SEARCH_PATHS = "$(inherited) @executable_path/Frameworks @loader_path/Frameworks";
				PRODUCT_BUNDLE_IDENTIFIER = student.hogent.318937ns.AroundMeUITests;
				PRODUCT_NAME = "$(TARGET_NAME)";
				TEST_TARGET_NAME = AroundMe;
				USES_XCTRUNNER = YES;
			};
			name = Debug;
		};
		37F3A3E21C25589300E03C36 /* Release */ = {
			isa = XCBuildConfiguration;
			buildSettings = {
				INFOPLIST_FILE = AroundMeUITests/Info.plist;
				LD_RUNPATH_SEARCH_PATHS = "$(inherited) @executable_path/Frameworks @loader_path/Frameworks";
				PRODUCT_BUNDLE_IDENTIFIER = student.hogent.318937ns.AroundMeUITests;
				PRODUCT_NAME = "$(TARGET_NAME)";
				TEST_TARGET_NAME = AroundMe;
				USES_XCTRUNNER = YES;
			};
			name = Release;
		};
/* End XCBuildConfiguration section */

/* Begin XCConfigurationList section */
		37F3A3AD1C25589300E03C36 /* Build configuration list for PBXProject "AroundMe" */ = {
			isa = XCConfigurationList;
			buildConfigurations = (
				37F3A3D81C25589300E03C36 /* Debug */,
				37F3A3D91C25589300E03C36 /* Release */,
			);
			defaultConfigurationIsVisible = 0;
			defaultConfigurationName = Release;
		};
		37F3A3DA1C25589300E03C36 /* Build configuration list for PBXNativeTarget "AroundMe" */ = {
			isa = XCConfigurationList;
			buildConfigurations = (
				37F3A3DB1C25589300E03C36 /* Debug */,
				37F3A3DC1C25589300E03C36 /* Release */,
			);
			defaultConfigurationIsVisible = 0;
			defaultConfigurationName = Release;
		};
		37F3A3DD1C25589300E03C36 /* Build configuration list for PBXNativeTarget "AroundMeTests" */ = {
			isa = XCConfigurationList;
			buildConfigurations = (
				37F3A3DE1C25589300E03C36 /* Debug */,
				37F3A3DF1C25589300E03C36 /* Release */,
			);
			defaultConfigurationIsVisible = 0;
			defaultConfigurationName = Release;
		};
		37F3A3E01C25589300E03C36 /* Build configuration list for PBXNativeTarget "AroundMeUITests" */ = {
			isa = XCConfigurationList;
			buildConfigurations = (
				37F3A3E11C25589300E03C36 /* Debug */,
				37F3A3E21C25589300E03C36 /* Release */,
			);
			defaultConfigurationIsVisible = 0;
			defaultConfigurationName = Release;
		};
/* End XCConfigurationList section */
	};
	rootObject = 37F3A3AA1C25589300E03C36 /* Project object */;
}
